
Microsoft Visual Studio Solution File, Format Version 12.00
# Visual Studio Version 17
VisualStudioVersion = 17.12.35707.178
MinimumVisualStudioVersion = 10.0.40219.1
Project("{FAE04EC0-301F-11D3-BF4B-00C04F79EFBC}") = "OpenVpn", "OpenVpn\OpenVpn.csproj", "{164641CA-27EB-4142-9026-20EB7A3A796C}"
EndProject
Project("{2150E333-8FDC-42A3-9474-1A3956D46DE8}") = "Libraries", "Libraries", "{A043531C-D57C-41C8-AA2E-6622B95C1B67}"
EndProject
Project("{FAE04EC0-301F-11D3-BF4B-00C04F79EFBC}") = "OpenVpn.Client", "OpenVpn.Client\OpenVpn.Client.csproj", "{61901D55-9A67-4E5B-A80D-709168A9FA46}"
EndProject
Project("{FAE04EC0-301F-11D3-BF4B-00C04F79EFBC}") = "OpenVpn.Tests", "OpenVpn.Tests\OpenVpn.Tests.csproj", "{4C585754-7629-4552-BABE-1B5B5863CC5F}"
EndProject
Project("{2150E333-8FDC-42A3-9474-1A3956D46DE8}") = "PinkSystem", "PinkSystem", "{F8EEED02-EA73-45C2-8BA1-913AB01F4AE2}"
EndProject
Project("{FAE04EC0-301F-11D3-BF4B-00C04F79EFBC}") = "PinkSystem", "..\PinkSystem\PinkSystem\PinkSystem.csproj", "{529DB671-6826-4785-B9F8-0B4D2C291038}"
EndProject
Project("{FAE04EC0-301F-11D3-BF4B-00C04F79EFBC}") = "PinkSystem.Configuration", "..\PinkSystem\PinkSystem.Configuration\PinkSystem.Configuration.csproj", "{148D5343-7856-48D2-A11A-02868256194C}"
EndProject
Project("{FAE04EC0-301F-11D3-BF4B-00C04F79EFBC}") = "PinkSystem.IO", "..\PinkSystem\PinkSystem.IO\PinkSystem.IO.csproj", "{F38FE1C2-F3B5-4AFB-9B93-8215CC280766}"
EndProject
Project("{FAE04EC0-301F-11D3-BF4B-00C04F79EFBC}") = "PinkSystem.Net", "..\PinkSystem\PinkSystem.Net\PinkSystem.Net.csproj", "{E4B19440-67D8-48C2-91F0-DC2406334777}"
EndProject
Project("{FAE04EC0-301F-11D3-BF4B-00C04F79EFBC}") = "PinkSystem.Net.Http", "..\PinkSystem\PinkSystem.Net.Http\PinkSystem.Net.Http.csproj", "{4EFF9DF5-6656-4BCC-8257-5DFF460B80E2}"
EndProject
Project("{FAE04EC0-301F-11D3-BF4B-00C04F79EFBC}") = "PinkSystem.Text", "..\PinkSystem\PinkSystem.Text\PinkSystem.Text.csproj", "{B8791C0C-32B8-4BFF-965C-9A78617BDADD}"
EndProject
Project("{2150E333-8FDC-42A3-9474-1A3956D46DE8}") = "PacketNet", "PacketNet", "{01F06BB2-F0D2-4920-93CB-6209E4870205}"
EndProject
Project("{FAE04EC0-301F-11D3-BF4B-00C04F79EFBC}") = "PacketDotNet", "..\packetnet\PacketDotNet\PacketDotNet.csproj", "{7240382B-B442-4563-A32E-EC0BC7C76D29}"
EndProject
Project("{2150E333-8FDC-42A3-9474-1A3956D46DE8}") = "BouncyCastle", "BouncyCastle", "{A7F1F088-2FF1-40D6-8552-1ABE6849DA0D}"
EndProject
Project("{FAE04EC0-301F-11D3-BF4B-00C04F79EFBC}") = "BouncyCastle.Crypto", "..\bc-csharp\crypto\src\BouncyCastle.Crypto.csproj", "{C5B7D07D-807F-480B-B809-06F1439D8C8E}"
EndProject
Global
	GlobalSection(SolutionConfigurationPlatforms) = preSolution
		Debug|Any CPU = Debug|Any CPU
		Release|Any CPU = Release|Any CPU
	EndGlobalSection
	GlobalSection(ProjectConfigurationPlatforms) = postSolution
		{164641CA-27EB-4142-9026-20EB7A3A796C}.Debug|Any CPU.ActiveCfg = Debug|Any CPU
		{164641CA-27EB-4142-9026-20EB7A3A796C}.Debug|Any CPU.Build.0 = Debug|Any CPU
		{164641CA-27EB-4142-9026-20EB7A3A796C}.Release|Any CPU.ActiveCfg = Release|Any CPU
		{164641CA-27EB-4142-9026-20EB7A3A796C}.Release|Any CPU.Build.0 = Release|Any CPU
		{61901D55-9A67-4E5B-A80D-709168A9FA46}.Debug|Any CPU.ActiveCfg = Debug|Any CPU
		{61901D55-9A67-4E5B-A80D-709168A9FA46}.Debug|Any CPU.Build.0 = Debug|Any CPU
		{61901D55-9A67-4E5B-A80D-709168A9FA46}.Release|Any CPU.ActiveCfg = Release|Any CPU
		{61901D55-9A67-4E5B-A80D-709168A9FA46}.Release|Any CPU.Build.0 = Release|Any CPU
		{4C585754-7629-4552-BABE-1B5B5863CC5F}.Debug|Any CPU.ActiveCfg = Debug|Any CPU
		{4C585754-7629-4552-BABE-1B5B5863CC5F}.Debug|Any CPU.Build.0 = Debug|Any CPU
		{4C585754-7629-4552-BABE-1B5B5863CC5F}.Release|Any CPU.ActiveCfg = Release|Any CPU
		{4C585754-7629-4552-BABE-1B5B5863CC5F}.Release|Any CPU.Build.0 = Release|Any CPU
		{529DB671-6826-4785-B9F8-0B4D2C291038}.Debug|Any CPU.ActiveCfg = Debug|Any CPU
		{529DB671-6826-4785-B9F8-0B4D2C291038}.Debug|Any CPU.Build.0 = Debug|Any CPU
		{529DB671-6826-4785-B9F8-0B4D2C291038}.Release|Any CPU.ActiveCfg = Release|Any CPU
		{529DB671-6826-4785-B9F8-0B4D2C291038}.Release|Any CPU.Build.0 = Release|Any CPU
		{148D5343-7856-48D2-A11A-02868256194C}.Debug|Any CPU.ActiveCfg = Debug|Any CPU
		{148D5343-7856-48D2-A11A-02868256194C}.Debug|Any CPU.Build.0 = Debug|Any CPU
		{148D5343-7856-48D2-A11A-02868256194C}.Release|Any CPU.ActiveCfg = Release|Any CPU
		{148D5343-7856-48D2-A11A-02868256194C}.Release|Any CPU.Build.0 = Release|Any CPU
		{F38FE1C2-F3B5-4AFB-9B93-8215CC280766}.Debug|Any CPU.ActiveCfg = Debug|Any CPU
		{F38FE1C2-F3B5-4AFB-9B93-8215CC280766}.Debug|Any CPU.Build.0 = Debug|Any CPU
		{F38FE1C2-F3B5-4AFB-9B93-8215CC280766}.Release|Any CPU.ActiveCfg = Release|Any CPU
		{F38FE1C2-F3B5-4AFB-9B93-8215CC280766}.Release|Any CPU.Build.0 = Release|Any CPU
		{E4B19440-67D8-48C2-91F0-DC2406334777}.Debug|Any CPU.ActiveCfg = Debug|Any CPU
		{E4B19440-67D8-48C2-91F0-DC2406334777}.Debug|Any CPU.Build.0 = Debug|Any CPU
		{E4B19440-67D8-48C2-91F0-DC2406334777}.Release|Any CPU.ActiveCfg = Release|Any CPU
		{E4B19440-67D8-48C2-91F0-DC2406334777}.Release|Any CPU.Build.0 = Release|Any CPU
		{4EFF9DF5-6656-4BCC-8257-5DFF460B80E2}.Debug|Any CPU.ActiveCfg = Debug|Any CPU
		{4EFF9DF5-6656-4BCC-8257-5DFF460B80E2}.Debug|Any CPU.Build.0 = Debug|Any CPU
		{4EFF9DF5-6656-4BCC-8257-5DFF460B80E2}.Release|Any CPU.ActiveCfg = Release|Any CPU
		{4EFF9DF5-6656-4BCC-8257-5DFF460B80E2}.Release|Any CPU.Build.0 = Release|Any CPU
		{B8791C0C-32B8-4BFF-965C-9A78617BDADD}.Debug|Any CPU.ActiveCfg = Debug|Any CPU
		{B8791C0C-32B8-4BFF-965C-9A78617BDADD}.Debug|Any CPU.Build.0 = Debug|Any CPU
		{B8791C0C-32B8-4BFF-965C-9A78617BDADD}.Release|Any CPU.ActiveCfg = Release|Any CPU
		{B8791C0C-32B8-4BFF-965C-9A78617BDADD}.Release|Any CPU.Build.0 = Release|Any CPU
		{7240382B-B442-4563-A32E-EC0BC7C76D29}.Debug|Any CPU.ActiveCfg = Debug|Any CPU
		{7240382B-B442-4563-A32E-EC0BC7C76D29}.Debug|Any CPU.Build.0 = Debug|Any CPU
		{7240382B-B442-4563-A32E-EC0BC7C76D29}.Release|Any CPU.ActiveCfg = Release|Any CPU
		{7240382B-B442-4563-A32E-EC0BC7C76D29}.Release|Any CPU.Build.0 = Release|Any CPU
		{C5B7D07D-807F-480B-B809-06F1439D8C8E}.Debug|Any CPU.ActiveCfg = Debug|Any CPU
		{C5B7D07D-807F-480B-B809-06F1439D8C8E}.Debug|Any CPU.Build.0 = Debug|Any CPU
		{C5B7D07D-807F-480B-B809-06F1439D8C8E}.Release|Any CPU.ActiveCfg = Release|Any CPU
		{C5B7D07D-807F-480B-B809-06F1439D8C8E}.Release|Any CPU.Build.0 = Release|Any CPU
	EndGlobalSection
	GlobalSection(SolutionProperties) = preSolution
		HideSolutionNode = FALSE
	EndGlobalSection
	GlobalSection(NestedProjects) = preSolution
		{F8EEED02-EA73-45C2-8BA1-913AB01F4AE2} = {A043531C-D57C-41C8-AA2E-6622B95C1B67}
		{529DB671-6826-4785-B9F8-0B4D2C291038} = {F8EEED02-EA73-45C2-8BA1-913AB01F4AE2}
		{148D5343-7856-48D2-A11A-02868256194C} = {F8EEED02-EA73-45C2-8BA1-913AB01F4AE2}
		{F38FE1C2-F3B5-4AFB-9B93-8215CC280766} = {F8EEED02-EA73-45C2-8BA1-913AB01F4AE2}
		{E4B19440-67D8-48C2-91F0-DC2406334777} = {F8EEED02-EA73-45C2-8BA1-913AB01F4AE2}
		{4EFF9DF5-6656-4BCC-8257-5DFF460B80E2} = {F8EEED02-EA73-45C2-8BA1-913AB01F4AE2}
		{B8791C0C-32B8-4BFF-965C-9A78617BDADD} = {F8EEED02-EA73-45C2-8BA1-913AB01F4AE2}
		{01F06BB2-F0D2-4920-93CB-6209E4870205} = {A043531C-D57C-41C8-AA2E-6622B95C1B67}
		{7240382B-B442-4563-A32E-EC0BC7C76D29} = {01F06BB2-F0D2-4920-93CB-6209E4870205}
		{A7F1F088-2FF1-40D6-8552-1ABE6849DA0D} = {A043531C-D57C-41C8-AA2E-6622B95C1B67}
		{C5B7D07D-807F-480B-B809-06F1439D8C8E} = {A7F1F088-2FF1-40D6-8552-1ABE6849DA0D}
	EndGlobalSection
EndGlobal
